--- 
dependencies: 
  pony: 
    group: 
    - :default
    version: ">= 0"
  rake: 
    group: 
    - :test
    version: ">= 0"
  mechanize: 
    group: 
    - :default
    version: ">= 0"
  rspec: 
    group: 
    - :test
    version: ">= 0"
  eventmachine: 
    group: 
    - :daemon
    version: ">= 0"
  daemons: 
    group: 
    - :daemon
    version: = 1.0.11
  redis: 
    group: 
    - :default
    version: = 0.1.1
specs: 
- nokogiri: 
    version: 1.4.1
- redis: 
    version: 0.1.1
    source: 1
- daemons: 
    version: 1.0.11
    source: 0
- eventmachine: 
    version: 0.12.10
- rspec: 
    version: 1.3.0
- tmail: 
    version: 1.2.7.1
- mime-types: 
    version: "1.16"
- mechanize: 
    version: 1.0.0
- rake: 
    version: 0.8.7
- pony: 
    version: "0.6"
hash: 2868aae32df5a40ae356583e153527c90ce526af
sources: 
- Git: 
    name: daemons
    uri: git://github.com/ghazel/daemons.git
    version: 1.0.11
    git: git://github.com/ghazel/daemons.git
    ref: d98408760073be6e47bdcbe5f880951dcd5e3a6f
- Git: 
    name: redis
    uri: git://github.com/ezmobius/redis-rb.git
    version: 0.1.1
    git: git://github.com/ezmobius/redis-rb.git
    ref: f20d1731496b8abaf8c2e035c5ce505e52473807
- Rubygems: 
    uri: http://gemcutter.org
